// !$*UTF8*$!
{
	archiveVersion = 1;
	classes = {
	};
	objectVersion = 48;
	objects = {

/* Begin PBXBuildFile section */
		C0629F521F829BA9008271D7 /* AppDelegate.swift in Sources */ = {isa = PBXBuildFile; fileRef = C0629F511F829BA9008271D7 /* AppDelegate.swift */; };
		C0629F541F829BA9008271D7 /* ViewController.swift in Sources */ = {isa = PBXBuildFile; fileRef = C0629F531F829BA9008271D7 /* ViewController.swift */; };
		C0629F571F829BA9008271D7 /* Main.storyboard in Resources */ = {isa = PBXBuildFile; fileRef = C0629F551F829BA9008271D7 /* Main.storyboard */; };
		C0629F591F829BA9008271D7 /* Assets.xcassets in Resources */ = {isa = PBXBuildFile; fileRef = C0629F581F829BA9008271D7 /* Assets.xcassets */; };
		C0629F5C1F829BA9008271D7 /* LaunchScreen.storyboard in Resources */ = {isa = PBXBuildFile; fileRef = C0629F5A1F829BA9008271D7 /* LaunchScreen.storyboard */; };
/* End PBXBuildFile section */

/* Begin PBXFileReference section */
		C0629F4E1F829BA9008271D7 /* GoogleMapsMarkerAnimation.app */ = {isa = PBXFileReference; explicitFileType = wrapper.application; includeInIndex = 0; path = GoogleMapsMarkerAnimation.app; sourceTree = BUILT_PRODUCTS_DIR; };
		C0629F511F829BA9008271D7 /* AppDelegate.swift */ = {isa = PBXFileReference; lastKnownFileType = sourcecode.swift; path = AppDelegate.swift; sourceTree = "<group>"; };
		C0629F531F829BA9008271D7 /* ViewController.swift */ = {isa = PBXFileReference; lastKnownFileType = sourcecode.swift; path = ViewController.swift; sourceTree = "<group>"; };
		C0629F561F829BA9008271D7 /* Base */ = {isa = PBXFileReference; lastKnownFileType = file.storyboard; name = Base; path = Base.lproj/Main.storyboard; sourceTree = "<group>"; };
		C0629F581F829BA9008271D7 /* Assets.xcassets */ = {isa = PBXFileReference; lastKnownFileType = folder.assetcatalog; path = Assets.xcassets; sourceTree = "<group>"; };
		C0629F5B1F829BA9008271D7 /* Base */ = {isa = PBXFileReference; lastKnownFileType = file.storyboard; name = Base; path = Base.lproj/LaunchScreen.storyboard; sourceTree = "<group>"; };
		C0629F5D1F829BA9008271D7 /* Info.plist */ = {isa = PBXFileReference; lastKnownFileType = text.plist.xml; path = Info.plist; sourceTree = "<group>"; };
/* End PBXFileReference section */

/* Begin PBXFrameworksBuildPhase section */
		C0629F4B1F829BA9008271D7 /* Frameworks */ = {
			isa = PBXFrameworksBuildPhase;
			buildActionMask = 2147483647;
			files = (
			);
			runOnlyForDeploymentPostprocessing = 0;
		};
/* End PBXFrameworksBuildPhase section */

/* Begin PBXGroup section */
		C0629F451F829BA9008271D7 = {
			isa = PBXGroup;
			children = (
				C0629F501F829BA9008271D7 /* GoogleMapsMarkerAnimation */,
				C0629F4F1F829BA9008271D7 /* Products */,
			);
			sourceTree = "<group>";
		};
		C0629F4F1F829BA9008271D7 /* Products */ = {
			isa = PBXGroup;
			children = (
				C0629F4E1F829BA9008271D7 /* GoogleMapsMarkerAnimation.app */,
			);
			name = Products;
			sourceTree = "<group>";
		};
		C0629F501F829BA9008271D7 /* GoogleMapsMarkerAnimation */ = {
			isa = PBXGroup;
			children = (
				C0629F511F829BA9008271D7 /* AppDelegate.swift */,
				C0629F531F829BA9008271D7 /* ViewController.swift */,
				C0629F551F829BA9008271D7 /* Main.storyboard */,
				C0629F581F829BA9008271D7 /* Assets.xcassets */,
				C0629F5A1F829BA9008271D7 /* LaunchScreen.storyboard */,
				C0629F5D1F829BA9008271D7 /* Info.plist */,
			);
			path = GoogleMapsMarkerAnimation;
			sourceTree = "<group>";
		};
/* End PBXGroup section */

/* Begin PBXNativeTarget section */
		C0629F4D1F829BA9008271D7 /* GoogleMapsMarkerAnimation */ = {
			isa = PBXNativeTarget;
			buildConfigurationList = C0629F601F829BA9008271D7 /* Build configuration list for PBXNativeTarget "GoogleMapsMarkerAnimation" */;
			buildPhases = (
				C0629F4A1F829BA9008271D7 /* Sources */,
				C0629F4B1F829BA9008271D7 /* Frameworks */,
				C0629F4C1F829BA9008271D7 /* Resources */,
			);
			buildRules = (
			);
			dependencies = (
			);
			name = GoogleMapsMarkerAnimation;
			productName = GoogleMapsMarkerAnimation;
			productReference = C0629F4E1F829BA9008271D7 /* GoogleMapsMarkerAnimation.app */;
			productType = "com.apple.product-type.application";
		};
/* End PBXNativeTarget section */

/* Begin PBXProject section */
		C0629F461F829BA9008271D7 /* Project object */ = {
			isa = PBXProject;
			attributes = {
				LastSwiftUpdateCheck = 0900;
				LastUpgradeCheck = 0900;
				ORGANIZATIONNAME = Viraj;
				TargetAttributes = {
					C0629F4D1F829BA9008271D7 = {
						CreatedOnToolsVersion = 9.0;
						ProvisioningStyle = Automatic;
					};
				};
			};
			buildConfigurationList = C0629F491F829BA9008271D7 /* Build configuration list for PBXProject "GoogleMapsMarkerAnimation" */;
			compatibilityVersion = "Xcode 8.0";
			developmentRegion = en;
			hasScannedForEncodings = 0;
			knownRegions = (
				en,
				Base,
			);
			mainGroup = C0629F451F829BA9008271D7;
			productRefGroup = C0629F4F1F829BA9008271D7 /* Products */;
			projectDirPath = "";
			projectRoot = "";
			targets = (
				C0629F4D1F829BA9008271D7 /* GoogleMapsMarkerAnimation */,
			);
		};
/* End PBXProject section */

/* Begin PBXResourcesBuildPhase section */
		C0629F4C1F829BA9008271D7 /* Resources */ = {
			isa = PBXResourcesBuildPhase;
			buildActionMask = 2147483647;
			files = (
				C0629F5C1F829BA9008271D7 /* LaunchScreen.storyboard in Resources */,
				C0629F591F829BA9008271D7 /* Assets.xcassets in Resources */,
				C0629F571F829BA9008271D7 /* Main.storyboard in Resources */,
			);
			runOnlyForDeploymentPostprocessing = 0;
		};
/* End PBXResourcesBuildPhase section */

/* Begin PBXSourcesBuildPhase section */
		C0629F4A1F829BA9008271D7 /* Sources */ = {
			isa = PBXSourcesBuildPhase;
			buildActionMask = 2147483647;
			files = (
				C0629F541F829BA9008271D7 /* ViewController.swift in Sources */,
				C0629F521F829BA9008271D7 /* AppDelegate.swift in Sources */,
			);
			runOnlyForDeploymentPostprocessing = 0;
		};
/* End PBXSourcesBuildPhase section */

/* Begin PBXVariantGroup section */
		C0629F551F829BA9008271D7 /* Main.storyboard */ = {
			isa = PBXVariantGroup;
			children = (
				C0629F561F829BA9008271D7 /* Base */,
			);
			name = Main.storyboard;
			sourceTree = "<group>";
		};
		C0629F5A1F829BA9008271D7 /* LaunchScreen.storyboard */ = {
			isa = PBXVariantGroup;
			children = (
				C0629F5B1F829BA9008271D7 /* Base */,
			);
			name = LaunchScreen.storyboard;
			sourceTree = "<group>";
		};
/* End PBXVariantGroup section */

/* Begin XCBuildConfiguration section */
		C0629F5E1F829BA9008271D7 /* Debug */ = {
			isa = XCBuildConfiguration;
			buildSettings = {
				ALWAYS_SEARCH_USER_PATHS = NO;
				CLANG_ANALYZER_NONNULL = YES;
				CLANG_ANALYZER_NUMBER_OBJECT_CONVERSION = YES_AGGRESSIVE;
				CLANG_CXX_LANGUAGE_STANDARD = "gnu++14";
				CLANG_CXX_LIBRARY = "libc++";
				CLANG_ENABLE_MODULES = YES;
				CLANG_ENABLE_OBJC_ARC = YES;
				CLANG_WARN_BLOCK_CAPTURE_AUTORELEASING = YES;
				CLANG_WARN_BOOL_CONVERSION = YES;
				CLANG_WARN_COMMA = YES;
				CLANG_WARN_CONSTANT_CONVERSION = YES;
				CLANG_WARN_DIRECT_OBJC_ISA_USAGE = YES_ERROR;
				CLANG_WARN_DOCUMENTATION_COMMENTS = YES;
				CLANG_WARN_EMPTY_BODY = YES;
				CLANG_WARN_ENUM_CONVERSION = YES;
				CLANG_WARN_INFINITE_RECURSION = YES;
				CLANG_WARN_INT_CONVERSION = YES;
				CLANG_WARN_NON_LITERAL_NULL_CONVERSION = YES;
				CLANG_WARN_OBJC_LITERAL_CONVERSION = YES;
				CLANG_WARN_OBJC_ROOT_CLASS = YES_ERROR;
				CLANG_WARN_RANGE_LOOP_ANALYSIS = YES;
				CLANG_WARN_STRICT_PROTOTYPES = YES;
				CLANG_WARN_SUSPICIOUS_MOVE = YES;
				CLANG_WARN_UNGUARDED_AVAILABILITY = YES_AGGRESSIVE;
				CLANG_WARN_UNREACHABLE_CODE = YES;
				CLANG_WARN__DUPLICATE_METHOD_MATCH = YES;
				CODE_SIGN_IDENTITY = "iPhone Developer";
				COPY_PHASE_STRIP = NO;
				DEBUG_INFORMATION_FORMAT = dwarf;
				ENABLE_STRICT_OBJC_MSGSEND = YES;
				ENABLE_TESTABILITY = YES;
				GCC_C_LANGUAGE_STANDARD = gnu11;
				GCC_DYNAMIC_NO_PIC = NO;
				GCC_NO_COMMON_BLOCKS = YES;
				GCC_OPTIMIZATION_LEVEL = 0;
				GCC_PREPROCESSOR_DEFINITIONS = (
					"DEBUG=1",
					"$(inherited)",
				);
				GCC_WARN_64_TO_32_BIT_CONVERSION = YES;
				GCC_WARN_ABOUT_RETURN_TYPE = YES_ERROR;
				GCC_WARN_UNDECLARED_SELECTOR = YES;
				GCC_WARN_UNINITIALIZED_AUTOS = YES_AGGRESSIVE;
				GCC_WARN_UNUSED_FUNCTION = YES;
				GCC_WARN_UNUSED_VARIABLE = YES;
				IPHONEOS_DEPLOYMENT_TARGET = 11.0;
				MTL_ENABLE_DEBUG_INFO = YES;
				ONLY_ACTIVE_ARCH = YES;
				SDKROOT = iphoneos;
				SWIFT_ACTIVE_COMPILATION_CONDITIONS = DEBUG;
				SWIFT_OPTIMIZATION_LEVEL = "-Onone";
			};
			name = Debug;
		};
		C0629F5F1F829BA9008271D7 /* Release */ = {
			isa = XCBuildConfiguration;
			buildSettings = {
				ALWAYS_SEARCH_USER_PATHS = NO;
				CLANG_ANALYZER_NONNULL = YES;
				CLANG_ANALYZER_NUMBER_OBJECT_CONVERSION = YES_AGGRESSIVE;
				CLANG_CXX_LANGUAGE_STANDARD = "gnu++14";
				CLANG_CXX_LIBRARY = "libc++";
				CLANG_ENABLE_MODULES = YES;
				CLANG_ENABLE_OBJC_ARC = YES;
				CLANG_WARN_BLOCK_CAPTURE_AUTORELEASING = YES;
				CLANG_WARN_BOOL_CONVERSION = YES;
				CLANG_WARN_COMMA = YES;
				CLANG_WARN_CONSTANT_CONVERSION = YES;
				CLANG_WARN_DIRECT_OBJC_ISA_USAGE = YES_ERROR;
				CLANG_WARN_DOCUMENTATION_COMMENTS = YES;
				CLANG_WARN_EMPTY_BODY = YES;
				CLANG_WARN_ENUM_CONVERSION = YES;
				CLANG_WARN_INFINITE_RECURSION = YES;
				CLANG_WARN_INT_CONVERSION = YES;
				CLANG_WARN_NON_LITERAL_NULL_CONVERSION = YES;
				CLANG_WARN_OBJC_LITERAL_CONVERSION = YES;
				CLANG_WARN_OBJC_ROOT_CLASS = YES_ERROR;
				CLANG_WARN_RANGE_LOOP_ANALYSIS = YES;
				CLANG_WARN_STRICT_PROTOTYPES = YES;
				CLANG_WARN_SUSPICIOUS_MOVE = YES;
				CLANG_WARN_UNGUARDED_AVAILABILITY = YES_AGGRESSIVE;
				CLANG_WARN_UNREACHABLE_CODE = YES;
				CLANG_WARN__DUPLICATE_METHOD_MATCH = YES;
				CODE_SIGN_IDENTITY = "iPhone Developer";
				COPY_PHASE_STRIP = NO;
				DEBUG_INFORMATION_FORMAT = "dwarf-with-dsym";
				ENABLE_NS_ASSERTIONS = NO;
				ENABLE_STRICT_OBJC_MSGSEND = YES;
				GCC_C_LANGUAGE_STANDARD = gnu11;
				GCC_NO_COMMON_BLOCKS = YES;
				GCC_WARN_64_TO_32_BIT_CONVERSION = YES;
				GCC_WARN_ABOUT_RETURN_TYPE = YES_ERROR;
				GCC_WARN_UNDECLARED_SELECTOR = YES;
				GCC_WARN_UNINITIALIZED_AUTOS = YES_AGGRESSIVE;
				GCC_WARN_UNUSED_FUNCTION = YES;
				GCC_WARN_UNUSED_VARIABLE = YES;
				IPHONEOS_DEPLOYMENT_TARGET = 11.0;
				MTL_ENABLE_DEBUG_INFO = NO;
				SDKROOT = iphoneos;
				SWIFT_OPTIMIZATION_LEVEL = "-Owholemodule";
				VALIDATE_PRODUCT = YES;
			};
			name = Release;
		};
		C0629F611F829BA9008271D7 /* Debug */ = {
			isa = XCBuildConfiguration;
			buildSettings = {
				ASSETCATALOG_COMPILER_APPICON_NAME = AppIcon;
				CODE_SIGN_STYLE = Automatic;
				INFOPLIST_FILE = GoogleMapsMarkerAnimation/Info.plist;
				LD_RUNPATH_SEARCH_PATHS = "$(inherited) @executable_path/Frameworks";
				PRODUCT_BUNDLE_IDENTIFIER = virajpadte.GoogleMapsMarkerAnimation;
				PRODUCT_NAME = "$(TARGET_NAME)";
				SWIFT_VERSION = 4.0;
				TARGETED_DEVICE_FAMILY = "1,2";
			};
			name = Debug;
		};
		C0629F621F829BA9008271D7 /* Release */ = {
			isa = XCBuildConfiguration;
			buildSettings = {
				ASSETCATALOG_COMPILER_APPICON_NAME = AppIcon;
				CODE_SIGN_STYLE = Automatic;
				INFOPLIST_FILE = GoogleMapsMarkerAnimation/Info.plist;
				LD_RUNPATH_SEARCH_PATHS = "$(inherited) @executable_path/Frameworks";
				PRODUCT_BUNDLE_IDENTIFIER = virajpadte.GoogleMapsMarkerAnimation;
				PRODUCT_NAME = "$(TARGET_NAME)";
				SWIFT_VERSION = 4.0;
				TARGETED_DEVICE_FAMILY = "1,2";
			};
			name = Release;
		};
/* End XCBuildConfiguration section */

/* Begin XCConfigurationList section */
		C0629F491F829BA9008271D7 /* Build configuration list for PBXProject "GoogleMapsMarkerAnimation" */ = {
			isa = XCConfigurationList;
			buildConfigurations = (
				C0629F5E1F829BA9008271D7 /* Debug */,
				C0629F5F1F829BA9008271D7 /* Release */,
			);
			defaultConfigurationIsVisible = 0;
			defaultConfigurationName = Release;
		};
		C0629F601F829BA9008271D7 /* Build configuration list for PBXNativeTarget "GoogleMapsMarkerAnimation" */ = {
			isa = XCConfigurationList;
			buildConfigurations = (
				C0629F611F829BA9008271D7 /* Debug */,
				C0629F621F829BA9008271D7 /* Release */,
			);
			defaultConfigurationIsVisible = 0;
			defaultConfigurationName = Release;
		};
/* End XCConfigurationList section */
	};
	rootObject = C0629F461F829BA9008271D7 /* Project object */;
}
